
Microsoft Visual Studio Solution File, Format Version 12.00
# Visual Studio Version 17
VisualStudioVersion = 17.7.34024.191
MinimumVisualStudioVersion = 10.0.40219.1
Project("{FAE04EC0-301F-11D3-BF4B-00C04F79EFBC}") = "WebApi", "WebApi\WebApi.csproj", "{5FD7F27A-3699-42DD-A66E-544C13295CED}"
EndProject
Global
	GlobalSection(SolutionConfigurationPlatforms) = preSolution
		Debug|Any CPU = Debug|Any CPU
		Release|Any CPU = Release|Any CPU
	EndGlobalSection
	GlobalSection(ProjectConfigurationPlatforms) = postSolution
		{5FD7F27A-3699-42DD-A66E-544C13295CED}.Debug|Any CPU.ActiveCfg = Debug|Any CPU
		{5FD7F27A-3699-42DD-A66E-544C13295CED}.Debug|Any CPU.Build.0 = Debug|Any CPU
		{5FD7F27A-3699-42DD-A66E-544C13295CED}.Release|Any CPU.ActiveCfg = Release|Any CPU
		{5FD7F27A-3699-42DD-A66E-544C13295CED}.Release|Any CPU.Build.0 = Release|Any CPU
	EndGlobalSection
	GlobalSection(SolutionProperties) = preSolution
		HideSolutionNode = FALSE
	EndGlobalSection
	GlobalSection(ExtensibilityGlobals) = postSolution
		SolutionGuid = {2D24FD06-C957-47C6-B992-55887C802915}
	EndGlobalSection
EndGlobal
